
Microsoft Visual Studio Solution File, Format Version 12.00
# Visual Studio Version 16
VisualStudioVersion = 16.0.31702.278
MinimumVisualStudioVersion = 10.0.40219.1
Project("{9A19103F-16F7-4668-BE54-9A1E7A4F7556}") = "aditionalTask", "aditionalTask\aditionalTask.csproj", "{027EAF11-47EF-4F31-A5BC-8E16F3D35BE5}"
EndProject
Project("{FAE04EC0-301F-11D3-BF4B-00C04F79EFBC}") = "Task2", "Task2\Task2.csproj", "{E58980A4-80B0-480B-8785-19030872E4E2}"
EndProject
Project("{FAE04EC0-301F-11D3-BF4B-00C04F79EFBC}") = "Task3", "Task3\Task3.csproj", "{2A004AC5-8D16-4D28-877F-1D1F798F2D93}"
EndProject
Project("{FAE04EC0-301F-11D3-BF4B-00C04F79EFBC}") = "Task4", "Task4\Task4.csproj", "{2EC4D119-51A4-4EE9-8565-AAEEA3D2ABE3}"
EndProject
Global
	GlobalSection(SolutionConfigurationPlatforms) = preSolution
		Debug|Any CPU = Debug|Any CPU
		Release|Any CPU = Release|Any CPU
	EndGlobalSection
	GlobalSection(ProjectConfigurationPlatforms) = postSolution
		{027EAF11-47EF-4F31-A5BC-8E16F3D35BE5}.Debug|Any CPU.ActiveCfg = Debug|Any CPU
		{027EAF11-47EF-4F31-A5BC-8E16F3D35BE5}.Debug|Any CPU.Build.0 = Debug|Any CPU
		{027EAF11-47EF-4F31-A5BC-8E16F3D35BE5}.Release|Any CPU.ActiveCfg = Release|Any CPU
		{027EAF11-47EF-4F31-A5BC-8E16F3D35BE5}.Release|Any CPU.Build.0 = Release|Any CPU
		{E58980A4-80B0-480B-8785-19030872E4E2}.Debug|Any CPU.ActiveCfg = Debug|Any CPU
		{E58980A4-80B0-480B-8785-19030872E4E2}.Debug|Any CPU.Build.0 = Debug|Any CPU
		{E58980A4-80B0-480B-8785-19030872E4E2}.Release|Any CPU.ActiveCfg = Release|Any CPU
		{E58980A4-80B0-480B-8785-19030872E4E2}.Release|Any CPU.Build.0 = Release|Any CPU
		{2A004AC5-8D16-4D28-877F-1D1F798F2D93}.Debug|Any CPU.ActiveCfg = Debug|Any CPU
		{2A004AC5-8D16-4D28-877F-1D1F798F2D93}.Debug|Any CPU.Build.0 = Debug|Any CPU
		{2A004AC5-8D16-4D28-877F-1D1F798F2D93}.Release|Any CPU.ActiveCfg = Release|Any CPU
		{2A004AC5-8D16-4D28-877F-1D1F798F2D93}.Release|Any CPU.Build.0 = Release|Any CPU
		{2EC4D119-51A4-4EE9-8565-AAEEA3D2ABE3}.Debug|Any CPU.ActiveCfg = Debug|Any CPU
		{2EC4D119-51A4-4EE9-8565-AAEEA3D2ABE3}.Debug|Any CPU.Build.0 = Debug|Any CPU
		{2EC4D119-51A4-4EE9-8565-AAEEA3D2ABE3}.Release|Any CPU.ActiveCfg = Release|Any CPU
		{2EC4D119-51A4-4EE9-8565-AAEEA3D2ABE3}.Release|Any CPU.Build.0 = Release|Any CPU
	EndGlobalSection
	GlobalSection(SolutionProperties) = preSolution
		HideSolutionNode = FALSE
	EndGlobalSection
	GlobalSection(ExtensibilityGlobals) = postSolution
		SolutionGuid = {F025C17E-D01B-418F-A2F1-A4AF25C42DE2}
	EndGlobalSection
EndGlobal
